
Microsoft Visual Studio Solution File, Format Version 12.00
# Visual Studio 15
VisualStudioVersion = 15.0.27703.2026
MinimumVisualStudioVersion = 10.0.40219.1
Project("{FAE04EC0-301F-11D3-BF4B-00C04F79EFBC}") = "MyOOP", "MyOOP\MyOOP.csproj", "{FF3FB1EA-433C-439B-B5AC-DD10DEDDF16C}"
EndProject
Global
	GlobalSection(SolutionConfigurationPlatforms) = preSolution
		Debug|Any CPU = Debug|Any CPU
		Release|Any CPU = Release|Any CPU
	EndGlobalSection
	GlobalSection(ProjectConfigurationPlatforms) = postSolution
		{FF3FB1EA-433C-439B-B5AC-DD10DEDDF16C}.Debug|Any CPU.ActiveCfg = Debug|Any CPU
		{FF3FB1EA-433C-439B-B5AC-DD10DEDDF16C}.Debug|Any CPU.Build.0 = Debug|Any CPU
		{FF3FB1EA-433C-439B-B5AC-DD10DEDDF16C}.Release|Any CPU.ActiveCfg = Release|Any CPU
		{FF3FB1EA-433C-439B-B5AC-DD10DEDDF16C}.Release|Any CPU.Build.0 = Release|Any CPU
	EndGlobalSection
	GlobalSection(SolutionProperties) = preSolution
		HideSolutionNode = FALSE
	EndGlobalSection
	GlobalSection(ExtensibilityGlobals) = postSolution
		SolutionGuid = {D851861D-0B3C-4487-8B3D-9CE6E523050C}
	EndGlobalSection
EndGlobal
